// !$*UTF8*$!
{
	archiveVersion = 1;
	classes = {
	};
	objectVersion = 50;
	objects = {

/* Begin PBXBuildFile section */
		2E54145125714B2A003FBBDC /* AppDelegate.swift in Sources */ = {isa = PBXBuildFile; fileRef = 2E54145025714B2A003FBBDC /* AppDelegate.swift */; };
		2E54145325714B2A003FBBDC /* SceneDelegate.swift in Sources */ = {isa = PBXBuildFile; fileRef = 2E54145225714B2A003FBBDC /* SceneDelegate.swift */; };
		2E54145525714B2A003FBBDC /* ConversationsViewController.swift in Sources */ = {isa = PBXBuildFile; fileRef = 2E54145425714B2A003FBBDC /* ConversationsViewController.swift */; };
		2E54145825714B2A003FBBDC /* Main.storyboard in Resources */ = {isa = PBXBuildFile; fileRef = 2E54145625714B2A003FBBDC /* Main.storyboard */; };
		2E54145A25714B2A003FBBDC /* Assets.xcassets in Resources */ = {isa = PBXBuildFile; fileRef = 2E54145925714B2A003FBBDC /* Assets.xcassets */; };
		2E54145D25714B2A003FBBDC /* LaunchScreen.storyboard in Resources */ = {isa = PBXBuildFile; fileRef = 2E54145B25714B2A003FBBDC /* LaunchScreen.storyboard */; };
		2E54146E2571525E003FBBDC /* LoginViewController.swift in Sources */ = {isa = PBXBuildFile; fileRef = 2E54146D2571525E003FBBDC /* LoginViewController.swift */; };
		2E5414712571526D003FBBDC /* RegisterViewController.swift in Sources */ = {isa = PBXBuildFile; fileRef = 2E5414702571526D003FBBDC /* RegisterViewController.swift */; };
		2E5414742571528C003FBBDC /* PhotoViewerViewController.swift in Sources */ = {isa = PBXBuildFile; fileRef = 2E5414732571528C003FBBDC /* PhotoViewerViewController.swift */; };
		2E54147725715297003FBBDC /* VideoPlayerViewController.swift in Sources */ = {isa = PBXBuildFile; fileRef = 2E54147625715297003FBBDC /* VideoPlayerViewController.swift */; };
		2E54147B257152D3003FBBDC /* NewConversationViewController.swift in Sources */ = {isa = PBXBuildFile; fileRef = 2E54147A257152D3003FBBDC /* NewConversationViewController.swift */; };
		2E54147E257152E2003FBBDC /* ProfileViewController.swift in Sources */ = {isa = PBXBuildFile; fileRef = 2E54147D257152E2003FBBDC /* ProfileViewController.swift */; };
/* End PBXBuildFile section */

/* Begin PBXFileReference section */
		2E54144D25714B2A003FBBDC /* Messenger.app */ = {isa = PBXFileReference; explicitFileType = wrapper.application; includeInIndex = 0; path = Messenger.app; sourceTree = BUILT_PRODUCTS_DIR; };
		2E54145025714B2A003FBBDC /* AppDelegate.swift */ = {isa = PBXFileReference; lastKnownFileType = sourcecode.swift; path = AppDelegate.swift; sourceTree = "<group>"; };
		2E54145225714B2A003FBBDC /* SceneDelegate.swift */ = {isa = PBXFileReference; lastKnownFileType = sourcecode.swift; path = SceneDelegate.swift; sourceTree = "<group>"; };
		2E54145425714B2A003FBBDC /* ConversationsViewController.swift */ = {isa = PBXFileReference; lastKnownFileType = sourcecode.swift; path = ConversationsViewController.swift; sourceTree = "<group>"; };
		2E54145725714B2A003FBBDC /* Base */ = {isa = PBXFileReference; lastKnownFileType = file.storyboard; name = Base; path = Base.lproj/Main.storyboard; sourceTree = "<group>"; };
		2E54145925714B2A003FBBDC /* Assets.xcassets */ = {isa = PBXFileReference; lastKnownFileType = folder.assetcatalog; path = Assets.xcassets; sourceTree = "<group>"; };
		2E54145C25714B2A003FBBDC /* Base */ = {isa = PBXFileReference; lastKnownFileType = file.storyboard; name = Base; path = Base.lproj/LaunchScreen.storyboard; sourceTree = "<group>"; };
		2E54145E25714B2A003FBBDC /* Info.plist */ = {isa = PBXFileReference; lastKnownFileType = text.plist.xml; path = Info.plist; sourceTree = "<group>"; };
		2E54146D2571525E003FBBDC /* LoginViewController.swift */ = {isa = PBXFileReference; lastKnownFileType = sourcecode.swift; path = LoginViewController.swift; sourceTree = "<group>"; };
		2E5414702571526D003FBBDC /* RegisterViewController.swift */ = {isa = PBXFileReference; lastKnownFileType = sourcecode.swift; path = RegisterViewController.swift; sourceTree = "<group>"; };
		2E5414732571528C003FBBDC /* PhotoViewerViewController.swift */ = {isa = PBXFileReference; lastKnownFileType = sourcecode.swift; path = PhotoViewerViewController.swift; sourceTree = "<group>"; };
		2E54147625715297003FBBDC /* VideoPlayerViewController.swift */ = {isa = PBXFileReference; lastKnownFileType = sourcecode.swift; path = VideoPlayerViewController.swift; sourceTree = "<group>"; };
		2E54147A257152D3003FBBDC /* NewConversationViewController.swift */ = {isa = PBXFileReference; lastKnownFileType = sourcecode.swift; path = NewConversationViewController.swift; sourceTree = "<group>"; };
		2E54147D257152E2003FBBDC /* ProfileViewController.swift */ = {isa = PBXFileReference; lastKnownFileType = sourcecode.swift; path = ProfileViewController.swift; sourceTree = "<group>"; };
/* End PBXFileReference section */

/* Begin PBXFrameworksBuildPhase section */
		2E54144A25714B2A003FBBDC /* Frameworks */ = {
			isa = PBXFrameworksBuildPhase;
			buildActionMask = 2147483647;
			files = (
			);
			runOnlyForDeploymentPostprocessing = 0;
		};
/* End PBXFrameworksBuildPhase section */

/* Begin PBXGroup section */
		2E54144425714B2A003FBBDC = {
			isa = PBXGroup;
			children = (
				2E54144F25714B2A003FBBDC /* Messenger */,
				2E54144E25714B2A003FBBDC /* Products */,
			);
			sourceTree = "<group>";
		};
		2E54144E25714B2A003FBBDC /* Products */ = {
			isa = PBXGroup;
			children = (
				2E54144D25714B2A003FBBDC /* Messenger.app */,
			);
			name = Products;
			sourceTree = "<group>";
		};
		2E54144F25714B2A003FBBDC /* Messenger */ = {
			isa = PBXGroup;
			children = (
				2E54146925715108003FBBDC /* Views */,
				2E541468257150F5003FBBDC /* Models */,
				2E541467257150EA003FBBDC /* ViewModels */,
				2E541466257150E2003FBBDC /* Resources */,
				2E541465257150D1003FBBDC /* Controllers */,
				2E54145E25714B2A003FBBDC /* Info.plist */,
			);
			path = Messenger;
			sourceTree = "<group>";
		};
		2E541465257150D1003FBBDC /* Controllers */ = {
			isa = PBXGroup;
			children = (
				2E5414702571526D003FBBDC /* RegisterViewController.swift */,
				2E54146D2571525E003FBBDC /* LoginViewController.swift */,
				2E54145425714B2A003FBBDC /* ConversationsViewController.swift */,
				2E5414732571528C003FBBDC /* PhotoViewerViewController.swift */,
				2E54147625715297003FBBDC /* VideoPlayerViewController.swift */,
				2E54147A257152D3003FBBDC /* NewConversationViewController.swift */,
				2E54147D257152E2003FBBDC /* ProfileViewController.swift */,
			);
			path = Controllers;
			sourceTree = "<group>";
		};
		2E541466257150E2003FBBDC /* Resources */ = {
			isa = PBXGroup;
			children = (
				2E54145025714B2A003FBBDC /* AppDelegate.swift */,
				2E54145225714B2A003FBBDC /* SceneDelegate.swift */,
			);
			path = Resources;
			sourceTree = "<group>";
		};
		2E541467257150EA003FBBDC /* ViewModels */ = {
			isa = PBXGroup;
			children = (
			);
			path = ViewModels;
			sourceTree = "<group>";
		};
		2E541468257150F5003FBBDC /* Models */ = {
			isa = PBXGroup;
			children = (
			);
			path = Models;
			sourceTree = "<group>";
		};
		2E54146925715108003FBBDC /* Views */ = {
			isa = PBXGroup;
			children = (
				2E54146A25715141003FBBDC /* StoryBoards */,
				2E54145925714B2A003FBBDC /* Assets.xcassets */,
			);
			path = Views;
			sourceTree = "<group>";
		};
		2E54146A25715141003FBBDC /* StoryBoards */ = {
			isa = PBXGroup;
			children = (
				2E54145625714B2A003FBBDC /* Main.storyboard */,
				2E54145B25714B2A003FBBDC /* LaunchScreen.storyboard */,
			);
			path = StoryBoards;
			sourceTree = "<group>";
		};
/* End PBXGroup section */

/* Begin PBXNativeTarget section */
		2E54144C25714B2A003FBBDC /* Messenger */ = {
			isa = PBXNativeTarget;
			buildConfigurationList = 2E54146125714B2A003FBBDC /* Build configuration list for PBXNativeTarget "Messenger" */;
			buildPhases = (
				2E54144925714B2A003FBBDC /* Sources */,
				2E54144A25714B2A003FBBDC /* Frameworks */,
				2E54144B25714B2A003FBBDC /* Resources */,
			);
			buildRules = (
			);
			dependencies = (
			);
			name = Messenger;
			productName = Messenger;
			productReference = 2E54144D25714B2A003FBBDC /* Messenger.app */;
			productType = "com.apple.product-type.application";
		};
/* End PBXNativeTarget section */

/* Begin PBXProject section */
		2E54144525714B2A003FBBDC /* Project object */ = {
			isa = PBXProject;
			attributes = {
				LastSwiftUpdateCheck = 1220;
				LastUpgradeCheck = 1220;
				TargetAttributes = {
					2E54144C25714B2A003FBBDC = {
						CreatedOnToolsVersion = 12.2;
					};
				};
			};
			buildConfigurationList = 2E54144825714B2A003FBBDC /* Build configuration list for PBXProject "Messenger" */;
			compatibilityVersion = "Xcode 9.3";
			developmentRegion = en;
			hasScannedForEncodings = 0;
			knownRegions = (
				en,
				Base,
			);
			mainGroup = 2E54144425714B2A003FBBDC;
			productRefGroup = 2E54144E25714B2A003FBBDC /* Products */;
			projectDirPath = "";
			projectRoot = "";
			targets = (
				2E54144C25714B2A003FBBDC /* Messenger */,
			);
		};
/* End PBXProject section */

/* Begin PBXResourcesBuildPhase section */
		2E54144B25714B2A003FBBDC /* Resources */ = {
			isa = PBXResourcesBuildPhase;
			buildActionMask = 2147483647;
			files = (
				2E54145D25714B2A003FBBDC /* LaunchScreen.storyboard in Resources */,
				2E54145A25714B2A003FBBDC /* Assets.xcassets in Resources */,
				2E54145825714B2A003FBBDC /* Main.storyboard in Resources */,
			);
			runOnlyForDeploymentPostprocessing = 0;
		};
/* End PBXResourcesBuildPhase section */

/* Begin PBXSourcesBuildPhase section */
		2E54144925714B2A003FBBDC /* Sources */ = {
			isa = PBXSourcesBuildPhase;
			buildActionMask = 2147483647;
			files = (
				2E54146E2571525E003FBBDC /* LoginViewController.swift in Sources */,
				2E5414712571526D003FBBDC /* RegisterViewController.swift in Sources */,
				2E54147B257152D3003FBBDC /* NewConversationViewController.swift in Sources */,
				2E54147725715297003FBBDC /* VideoPlayerViewController.swift in Sources */,
				2E54145525714B2A003FBBDC /* ConversationsViewController.swift in Sources */,
				2E54145125714B2A003FBBDC /* AppDelegate.swift in Sources */,
				2E54147E257152E2003FBBDC /* ProfileViewController.swift in Sources */,
				2E54145325714B2A003FBBDC /* SceneDelegate.swift in Sources */,
				2E5414742571528C003FBBDC /* PhotoViewerViewController.swift in Sources */,
			);
			runOnlyForDeploymentPostprocessing = 0;
		};
/* End PBXSourcesBuildPhase section */

/* Begin PBXVariantGroup section */
		2E54145625714B2A003FBBDC /* Main.storyboard */ = {
			isa = PBXVariantGroup;
			children = (
				2E54145725714B2A003FBBDC /* Base */,
			);
			name = Main.storyboard;
			sourceTree = "<group>";
		};
		2E54145B25714B2A003FBBDC /* LaunchScreen.storyboard */ = {
			isa = PBXVariantGroup;
			children = (
				2E54145C25714B2A003FBBDC /* Base */,
			);
			name = LaunchScreen.storyboard;
			sourceTree = "<group>";
		};
/* End PBXVariantGroup section */

/* Begin XCBuildConfiguration section */
		2E54145F25714B2A003FBBDC /* Debug */ = {
			isa = XCBuildConfiguration;
			buildSettings = {
				ALWAYS_SEARCH_USER_PATHS = NO;
				CLANG_ANALYZER_NONNULL = YES;
				CLANG_ANALYZER_NUMBER_OBJECT_CONVERSION = YES_AGGRESSIVE;
				CLANG_CXX_LANGUAGE_STANDARD = "gnu++14";
				CLANG_CXX_LIBRARY = "libc++";
				CLANG_ENABLE_MODULES = YES;
				CLANG_ENABLE_OBJC_ARC = YES;
				CLANG_ENABLE_OBJC_WEAK = YES;
				CLANG_WARN_BLOCK_CAPTURE_AUTORELEASING = YES;
				CLANG_WARN_BOOL_CONVERSION = YES;
				CLANG_WARN_COMMA = YES;
				CLANG_WARN_CONSTANT_CONVERSION = YES;
				CLANG_WARN_DEPRECATED_OBJC_IMPLEMENTATIONS = YES;
				CLANG_WARN_DIRECT_OBJC_ISA_USAGE = YES_ERROR;
				CLANG_WARN_DOCUMENTATION_COMMENTS = YES;
				CLANG_WARN_EMPTY_BODY = YES;
				CLANG_WARN_ENUM_CONVERSION = YES;
				CLANG_WARN_INFINITE_RECURSION = YES;
				CLANG_WARN_INT_CONVERSION = YES;
				CLANG_WARN_NON_LITERAL_NULL_CONVERSION = YES;
				CLANG_WARN_OBJC_IMPLICIT_RETAIN_SELF = YES;
				CLANG_WARN_OBJC_LITERAL_CONVERSION = YES;
				CLANG_WARN_OBJC_ROOT_CLASS = YES_ERROR;
				CLANG_WARN_QUOTED_INCLUDE_IN_FRAMEWORK_HEADER = YES;
				CLANG_WARN_RANGE_LOOP_ANALYSIS = YES;
				CLANG_WARN_STRICT_PROTOTYPES = YES;
				CLANG_WARN_SUSPICIOUS_MOVE = YES;
				CLANG_WARN_UNGUARDED_AVAILABILITY = YES_AGGRESSIVE;
				CLANG_WARN_UNREACHABLE_CODE = YES;
				CLANG_WARN__DUPLICATE_METHOD_MATCH = YES;
				COPY_PHASE_STRIP = NO;
				DEBUG_INFORMATION_FORMAT = dwarf;
				ENABLE_STRICT_OBJC_MSGSEND = YES;
				ENABLE_TESTABILITY = YES;
				GCC_C_LANGUAGE_STANDARD = gnu11;
				GCC_DYNAMIC_NO_PIC = NO;
				GCC_NO_COMMON_BLOCKS = YES;
				GCC_OPTIMIZATION_LEVEL = 0;
				GCC_PREPROCESSOR_DEFINITIONS = (
					"DEBUG=1",
					"$(inherited)",
				);
				GCC_WARN_64_TO_32_BIT_CONVERSION = YES;
				GCC_WARN_ABOUT_RETURN_TYPE = YES_ERROR;
				GCC_WARN_UNDECLARED_SELECTOR = YES;
				GCC_WARN_UNINITIALIZED_AUTOS = YES_AGGRESSIVE;
				GCC_WARN_UNUSED_FUNCTION = YES;
				GCC_WARN_UNUSED_VARIABLE = YES;
				IPHONEOS_DEPLOYMENT_TARGET = 14.2;
				MTL_ENABLE_DEBUG_INFO = INCLUDE_SOURCE;
				MTL_FAST_MATH = YES;
				ONLY_ACTIVE_ARCH = YES;
				SDKROOT = iphoneos;
				SWIFT_ACTIVE_COMPILATION_CONDITIONS = DEBUG;
				SWIFT_OPTIMIZATION_LEVEL = "-Onone";
			};
			name = Debug;
		};
		2E54146025714B2A003FBBDC /* Release */ = {
			isa = XCBuildConfiguration;
			buildSettings = {
				ALWAYS_SEARCH_USER_PATHS = NO;
				CLANG_ANALYZER_NONNULL = YES;
				CLANG_ANALYZER_NUMBER_OBJECT_CONVERSION = YES_AGGRESSIVE;
				CLANG_CXX_LANGUAGE_STANDARD = "gnu++14";
				CLANG_CXX_LIBRARY = "libc++";
				CLANG_ENABLE_MODULES = YES;
				CLANG_ENABLE_OBJC_ARC = YES;
				CLANG_ENABLE_OBJC_WEAK = YES;
				CLANG_WARN_BLOCK_CAPTURE_AUTORELEASING = YES;
				CLANG_WARN_BOOL_CONVERSION = YES;
				CLANG_WARN_COMMA = YES;
				CLANG_WARN_CONSTANT_CONVERSION = YES;
				CLANG_WARN_DEPRECATED_OBJC_IMPLEMENTATIONS = YES;
				CLANG_WARN_DIRECT_OBJC_ISA_USAGE = YES_ERROR;
				CLANG_WARN_DOCUMENTATION_COMMENTS = YES;
				CLANG_WARN_EMPTY_BODY = YES;
				CLANG_WARN_ENUM_CONVERSION = YES;
				CLANG_WARN_INFINITE_RECURSION = YES;
				CLANG_WARN_INT_CONVERSION = YES;
				CLANG_WARN_NON_LITERAL_NULL_CONVERSION = YES;
				CLANG_WARN_OBJC_IMPLICIT_RETAIN_SELF = YES;
				CLANG_WARN_OBJC_LITERAL_CONVERSION = YES;
				CLANG_WARN_OBJC_ROOT_CLASS = YES_ERROR;
				CLANG_WARN_QUOTED_INCLUDE_IN_FRAMEWORK_HEADER = YES;
				CLANG_WARN_RANGE_LOOP_ANALYSIS = YES;
				CLANG_WARN_STRICT_PROTOTYPES = YES;
				CLANG_WARN_SUSPICIOUS_MOVE = YES;
				CLANG_WARN_UNGUARDED_AVAILABILITY = YES_AGGRESSIVE;
				CLANG_WARN_UNREACHABLE_CODE = YES;
				CLANG_WARN__DUPLICATE_METHOD_MATCH = YES;
				COPY_PHASE_STRIP = NO;
				DEBUG_INFORMATION_FORMAT = "dwarf-with-dsym";
				ENABLE_NS_ASSERTIONS = NO;
				ENABLE_STRICT_OBJC_MSGSEND = YES;
				GCC_C_LANGUAGE_STANDARD = gnu11;
				GCC_NO_COMMON_BLOCKS = YES;
				GCC_WARN_64_TO_32_BIT_CONVERSION = YES;
				GCC_WARN_ABOUT_RETURN_TYPE = YES_ERROR;
				GCC_WARN_UNDECLARED_SELECTOR = YES;
				GCC_WARN_UNINITIALIZED_AUTOS = YES_AGGRESSIVE;
				GCC_WARN_UNUSED_FUNCTION = YES;
				GCC_WARN_UNUSED_VARIABLE = YES;
				IPHONEOS_DEPLOYMENT_TARGET = 14.2;
				MTL_ENABLE_DEBUG_INFO = NO;
				MTL_FAST_MATH = YES;
				SDKROOT = iphoneos;
				SWIFT_COMPILATION_MODE = wholemodule;
				SWIFT_OPTIMIZATION_LEVEL = "-O";
				VALIDATE_PRODUCT = YES;
			};
			name = Release;
		};
		2E54146225714B2A003FBBDC /* Debug */ = {
			isa = XCBuildConfiguration;
			buildSettings = {
				ASSETCATALOG_COMPILER_APPICON_NAME = AppIcon;
				ASSETCATALOG_COMPILER_GLOBAL_ACCENT_COLOR_NAME = AccentColor;
				CODE_SIGN_STYLE = Automatic;
				INFOPLIST_FILE = Messenger/Info.plist;
				IPHONEOS_DEPLOYMENT_TARGET = 13.0;
				LD_RUNPATH_SEARCH_PATHS = (
					"$(inherited)",
					"@executable_path/Frameworks",
				);
				PRODUCT_BUNDLE_IDENTIFIER = ca.MiadAzarmehr.Messenger;
				PRODUCT_NAME = "$(TARGET_NAME)";
				SWIFT_VERSION = 5.0;
				TARGETED_DEVICE_FAMILY = "1,2";
			};
			name = Debug;
		};
		2E54146325714B2A003FBBDC /* Release */ = {
			isa = XCBuildConfiguration;
			buildSettings = {
				ASSETCATALOG_COMPILER_APPICON_NAME = AppIcon;
				ASSETCATALOG_COMPILER_GLOBAL_ACCENT_COLOR_NAME = AccentColor;
				CODE_SIGN_STYLE = Automatic;
				INFOPLIST_FILE = Messenger/Info.plist;
				IPHONEOS_DEPLOYMENT_TARGET = 13.0;
				LD_RUNPATH_SEARCH_PATHS = (
					"$(inherited)",
					"@executable_path/Frameworks",
				);
				PRODUCT_BUNDLE_IDENTIFIER = ca.MiadAzarmehr.Messenger;
				PRODUCT_NAME = "$(TARGET_NAME)";
				SWIFT_VERSION = 5.0;
				TARGETED_DEVICE_FAMILY = "1,2";
			};
			name = Release;
		};
/* End XCBuildConfiguration section */

/* Begin XCConfigurationList section */
		2E54144825714B2A003FBBDC /* Build configuration list for PBXProject "Messenger" */ = {
			isa = XCConfigurationList;
			buildConfigurations = (
				2E54145F25714B2A003FBBDC /* Debug */,
				2E54146025714B2A003FBBDC /* Release */,
			);
			defaultConfigurationIsVisible = 0;
			defaultConfigurationName = Release;
		};
		2E54146125714B2A003FBBDC /* Build configuration list for PBXNativeTarget "Messenger" */ = {
			isa = XCConfigurationList;
			buildConfigurations = (
				2E54146225714B2A003FBBDC /* Debug */,
				2E54146325714B2A003FBBDC /* Release */,
			);
			defaultConfigurationIsVisible = 0;
			defaultConfigurationName = Release;
		};
/* End XCConfigurationList section */
	};
	rootObject = 2E54144525714B2A003FBBDC /* Project object */;
}
